<?xml version="1.0" encoding="utf-8"?>
<Project ToolsVersion="4.0" xmlns="http://schemas.microsoft.com/developer/msbuild/2003">
  <ItemGroup>
    <Filter Include="源文件">
      <UniqueIdentifier>{4FC737F1-C7A5-4376-A066-2A32D752A2FF}</UniqueIdentifier>
      <Extensions>cpp;c;cc;cxx;c++;cppm;ixx;def;odl;idl;hpj;bat;asm;asmx</Extensions>
    </Filter>
    <Filter Include="头文件">
      <UniqueIdentifier>{93995380-89BD-4b04-88EB-625FBE52EBFB}</UniqueIdentifier>
      <Extensions>h;hh;hpp;hxx;h++;hm;inl;inc;ipp;xsd</Extensions>
    </Filter>
    <Filter Include="资源文件">
      <UniqueIdentifier>{67DA6AB6-F800-4c08-8B7A-83BB121AAD01}</UniqueIdentifier>
      <Extensions>rc;ico;cur;bmp;dlg;rc2;rct;bin;rgs;gif;jpg;jpeg;jpe;resx;tiff;tif;png;wav;mfcribbon-ms</Extensions>
    </Filter>
    <Filter Include="资源文件\shaders">
      <UniqueIdentifier>{1b4ba43b-1fcc-4ea2-96f9-6579985fde65}</UniqueIdentifier>
    </Filter>
    <Filter Include="资源文件\shaders\simple">
      <UniqueIdentifier>{179ccc65-32a6-4712-9e4f-f0601a303a14}</UniqueIdentifier>
    </Filter>
    <Filter Include="资源文件\shaders\advance">
      <UniqueIdentifier>{c0bc7e90-b273-48b0-b1ea-3fff9e98c147}</UniqueIdentifier>
    </Filter>
    <Filter Include="资源文件\shaders\clspv_spec">
      <UniqueIdentifier>{ff50f58a-a594-4365-910f-0dd8106e5322}</UniqueIdentifier>
    </Filter>
    <Filter Include="资源文件\shaders\phys_buf_storage">
      <UniqueIdentifier>{44836dfc-b5be-40ec-be49-43642238f00d}</UniqueIdentifier>
    </Filter>
  </ItemGroup>
  <ItemGroup>
    <ClCompile Include="main.c">
      <Filter>源文件</Filter>
    </ClCompile>
    <ClCompile Include="phys_buf_storage.c">
      <Filter>源文件</Filter>
    </ClCompile>
  </ItemGroup>
  <ItemGroup>
    <None Include="shaders\simple\build-spv.bat">
      <Filter>资源文件\shaders\simple</Filter>
    </None>
    <None Include="shaders\simple\build-spvasm.bat">
      <Filter>资源文件\shaders\simple</Filter>
    </None>
    <None Include="shaders\simple\simple.cl">
      <Filter>资源文件\shaders\simple</Filter>
    </None>
    <None Include="shaders\simple\simple.comp.glsl">
      <Filter>资源文件\shaders\simple</Filter>
    </None>
    <None Include="shaders\simple\simple.spvasm">
      <Filter>资源文件\shaders\simple</Filter>
    </None>
    <None Include="shaders\advance\advance.cl">
      <Filter>资源文件\shaders\advance</Filter>
    </None>
    <None Include="shaders\advance\advance.comp.glsl">
      <Filter>资源文件\shaders\advance</Filter>
    </None>
    <None Include="shaders\advance\advance.spvasm">
      <Filter>资源文件\shaders\advance</Filter>
    </None>
    <None Include="shaders\advance\build-spv.bat">
      <Filter>资源文件\shaders\advance</Filter>
    </None>
    <None Include="shaders\advance\build-spvasm.bat">
      <Filter>资源文件\shaders\advance</Filter>
    </None>
    <None Include="shaders\clspv_spec\build-spv.bat">
      <Filter>资源文件\shaders\clspv_spec</Filter>
    </None>
    <None Include="shaders\clspv_spec\build-spvasm.bat">
      <Filter>资源文件\shaders\clspv_spec</Filter>
    </None>
    <None Include="shaders\clspv_spec\clspv_spec.cl">
      <Filter>资源文件\shaders\clspv_spec</Filter>
    </None>
    <None Include="shaders\clspv_spec\clspv_spec.spvasm">
      <Filter>资源文件\shaders\clspv_spec</Filter>
    </None>
    <None Include="shaders\phys_buf_storage\buff_addr.cl">
      <Filter>资源文件\shaders\phys_buf_storage</Filter>
    </None>
    <None Include="shaders\phys_buf_storage\buff_addr.spvasm">
      <Filter>资源文件\shaders\phys_buf_storage</Filter>
    </None>
    <None Include="shaders\phys_buf_storage\build-spv.bat">
      <Filter>资源文件\shaders\phys_buf_storage</Filter>
    </None>
    <None Include="shaders\phys_buf_storage\build-spvasm.bat">
      <Filter>资源文件\shaders\phys_buf_storage</Filter>
    </None>
  </ItemGroup>
</Project>